
Microsoft Visual Studio Solution File, Format Version 12.00
# Visual Studio Version 17
VisualStudioVersion = 17.7.34031.279
MinimumVisualStudioVersion = 10.0.40219.1
Project("{9A19103F-16F7-4668-BE54-9A1E7A4F7556}") = "EcomApi", "EcomApi.csproj", "{5E27550D-CC5D-4205-AA3C-FD7A217581BE}"
EndProject
Project("{9A19103F-16F7-4668-BE54-9A1E7A4F7556}") = "EcomApi.Services", "..\EcomApi.Services\EcomApi.Services.csproj", "{7F52D9D2-D01C-4315-89C4-E0D29780D5E8}"
EndProject
Project("{00D1A9C2-B5F0-4AF3-8072-F6C62B433612}") = "EcomApi.Db", "..\EcomApi.Db\EcomApi.Db.sqlproj", "{C738312F-83B0-4622-B1AE-475079B04665}"
EndProject
Global
	GlobalSection(SolutionConfigurationPlatforms) = preSolution
		Debug|Any CPU = Debug|Any CPU
		Release|Any CPU = Release|Any CPU
	EndGlobalSection
	GlobalSection(ProjectConfigurationPlatforms) = postSolution
		{5E27550D-CC5D-4205-AA3C-FD7A217581BE}.Debug|Any CPU.ActiveCfg = Debug|Any CPU
		{5E27550D-CC5D-4205-AA3C-FD7A217581BE}.Debug|Any CPU.Build.0 = Debug|Any CPU
		{5E27550D-CC5D-4205-AA3C-FD7A217581BE}.Release|Any CPU.ActiveCfg = Release|Any CPU
		{5E27550D-CC5D-4205-AA3C-FD7A217581BE}.Release|Any CPU.Build.0 = Release|Any CPU
		{7F52D9D2-D01C-4315-89C4-E0D29780D5E8}.Debug|Any CPU.ActiveCfg = Debug|Any CPU
		{7F52D9D2-D01C-4315-89C4-E0D29780D5E8}.Debug|Any CPU.Build.0 = Debug|Any CPU
		{7F52D9D2-D01C-4315-89C4-E0D29780D5E8}.Release|Any CPU.ActiveCfg = Release|Any CPU
		{7F52D9D2-D01C-4315-89C4-E0D29780D5E8}.Release|Any CPU.Build.0 = Release|Any CPU
		{C738312F-83B0-4622-B1AE-475079B04665}.Debug|Any CPU.ActiveCfg = Debug|Any CPU
		{C738312F-83B0-4622-B1AE-475079B04665}.Debug|Any CPU.Build.0 = Debug|Any CPU
		{C738312F-83B0-4622-B1AE-475079B04665}.Debug|Any CPU.Deploy.0 = Debug|Any CPU
		{C738312F-83B0-4622-B1AE-475079B04665}.Release|Any CPU.ActiveCfg = Release|Any CPU
		{C738312F-83B0-4622-B1AE-475079B04665}.Release|Any CPU.Build.0 = Release|Any CPU
		{C738312F-83B0-4622-B1AE-475079B04665}.Release|Any CPU.Deploy.0 = Release|Any CPU
	EndGlobalSection
	GlobalSection(SolutionProperties) = preSolution
		HideSolutionNode = FALSE
	EndGlobalSection
	GlobalSection(ExtensibilityGlobals) = postSolution
		SolutionGuid = {0DB40AF6-1F49-4404-AD47-FB9221A1DEEB}
	EndGlobalSection
EndGlobal
